
Microsoft Visual Studio Solution File, Format Version 12.00
# Visual Studio 15
VisualStudioVersion = 15.0.26124.0
MinimumVisualStudioVersion = 15.0.26124.0
Project("{2150E333-8FDC-42A3-9474-1A3956D46DE8}") = "src", "src", "{3656889B-BB57-408B-B98C-5702E79F1EDF}"
EndProject
Project("{FAE04EC0-301F-11D3-BF4B-00C04F79EFBC}") = "P2app", "src\P2app\P2app.csproj", "{BA9A85DB-0FC1-456B-8D19-09E35F04D190}"
EndProject
Project("{2150E333-8FDC-42A3-9474-1A3956D46DE8}") = "tests", "tests", "{1620E356-4D47-4D3E-8BED-E25397CEFA82}"
EndProject
Project("{FAE04EC0-301F-11D3-BF4B-00C04F79EFBC}") = "FunctionalTests", "tests\FunctionalTests\FunctionalTests.csproj", "{493A3B9F-7587-42A4-BC5C-3B7C32322D11}"
EndProject
Project("{FAE04EC0-301F-11D3-BF4B-00C04F79EFBC}") = "IntegrationTests", "tests\IntegrationTests\IntegrationTests.csproj", "{A1CE7EA6-4F10-48DC-8BE4-EC2F64731563}"
EndProject
Project("{FAE04EC0-301F-11D3-BF4B-00C04F79EFBC}") = "UnitTests", "tests\UnitTests\UnitTests.csproj", "{93767395-EADD-4A3B-A0A8-4DEACCEF7AA3}"
EndProject
Global
	GlobalSection(SolutionConfigurationPlatforms) = preSolution
		Debug|Any CPU = Debug|Any CPU
		Debug|x64 = Debug|x64
		Debug|x86 = Debug|x86
		Release|Any CPU = Release|Any CPU
		Release|x64 = Release|x64
		Release|x86 = Release|x86
	EndGlobalSection
	GlobalSection(SolutionProperties) = preSolution
		HideSolutionNode = FALSE
	EndGlobalSection
	GlobalSection(ProjectConfigurationPlatforms) = postSolution
		{BA9A85DB-0FC1-456B-8D19-09E35F04D190}.Debug|Any CPU.ActiveCfg = Debug|Any CPU
		{BA9A85DB-0FC1-456B-8D19-09E35F04D190}.Debug|Any CPU.Build.0 = Debug|Any CPU
		{BA9A85DB-0FC1-456B-8D19-09E35F04D190}.Debug|x64.ActiveCfg = Debug|Any CPU
		{BA9A85DB-0FC1-456B-8D19-09E35F04D190}.Debug|x64.Build.0 = Debug|Any CPU
		{BA9A85DB-0FC1-456B-8D19-09E35F04D190}.Debug|x86.ActiveCfg = Debug|Any CPU
		{BA9A85DB-0FC1-456B-8D19-09E35F04D190}.Debug|x86.Build.0 = Debug|Any CPU
		{BA9A85DB-0FC1-456B-8D19-09E35F04D190}.Release|Any CPU.ActiveCfg = Release|Any CPU
		{BA9A85DB-0FC1-456B-8D19-09E35F04D190}.Release|Any CPU.Build.0 = Release|Any CPU
		{BA9A85DB-0FC1-456B-8D19-09E35F04D190}.Release|x64.ActiveCfg = Release|Any CPU
		{BA9A85DB-0FC1-456B-8D19-09E35F04D190}.Release|x64.Build.0 = Release|Any CPU
		{BA9A85DB-0FC1-456B-8D19-09E35F04D190}.Release|x86.ActiveCfg = Release|Any CPU
		{BA9A85DB-0FC1-456B-8D19-09E35F04D190}.Release|x86.Build.0 = Release|Any CPU
		{493A3B9F-7587-42A4-BC5C-3B7C32322D11}.Debug|Any CPU.ActiveCfg = Debug|Any CPU
		{493A3B9F-7587-42A4-BC5C-3B7C32322D11}.Debug|Any CPU.Build.0 = Debug|Any CPU
		{493A3B9F-7587-42A4-BC5C-3B7C32322D11}.Debug|x64.ActiveCfg = Debug|Any CPU
		{493A3B9F-7587-42A4-BC5C-3B7C32322D11}.Debug|x64.Build.0 = Debug|Any CPU
		{493A3B9F-7587-42A4-BC5C-3B7C32322D11}.Debug|x86.ActiveCfg = Debug|Any CPU
		{493A3B9F-7587-42A4-BC5C-3B7C32322D11}.Debug|x86.Build.0 = Debug|Any CPU
		{493A3B9F-7587-42A4-BC5C-3B7C32322D11}.Release|Any CPU.ActiveCfg = Release|Any CPU
		{493A3B9F-7587-42A4-BC5C-3B7C32322D11}.Release|Any CPU.Build.0 = Release|Any CPU
		{493A3B9F-7587-42A4-BC5C-3B7C32322D11}.Release|x64.ActiveCfg = Release|Any CPU
		{493A3B9F-7587-42A4-BC5C-3B7C32322D11}.Release|x64.Build.0 = Release|Any CPU
		{493A3B9F-7587-42A4-BC5C-3B7C32322D11}.Release|x86.ActiveCfg = Release|Any CPU
		{493A3B9F-7587-42A4-BC5C-3B7C32322D11}.Release|x86.Build.0 = Release|Any CPU
		{A1CE7EA6-4F10-48DC-8BE4-EC2F64731563}.Debug|Any CPU.ActiveCfg = Debug|Any CPU
		{A1CE7EA6-4F10-48DC-8BE4-EC2F64731563}.Debug|Any CPU.Build.0 = Debug|Any CPU
		{A1CE7EA6-4F10-48DC-8BE4-EC2F64731563}.Debug|x64.ActiveCfg = Debug|Any CPU
		{A1CE7EA6-4F10-48DC-8BE4-EC2F64731563}.Debug|x64.Build.0 = Debug|Any CPU
		{A1CE7EA6-4F10-48DC-8BE4-EC2F64731563}.Debug|x86.ActiveCfg = Debug|Any CPU
		{A1CE7EA6-4F10-48DC-8BE4-EC2F64731563}.Debug|x86.Build.0 = Debug|Any CPU
		{A1CE7EA6-4F10-48DC-8BE4-EC2F64731563}.Release|Any CPU.ActiveCfg = Release|Any CPU
		{A1CE7EA6-4F10-48DC-8BE4-EC2F64731563}.Release|Any CPU.Build.0 = Release|Any CPU
		{A1CE7EA6-4F10-48DC-8BE4-EC2F64731563}.Release|x64.ActiveCfg = Release|Any CPU
		{A1CE7EA6-4F10-48DC-8BE4-EC2F64731563}.Release|x64.Build.0 = Release|Any CPU
		{A1CE7EA6-4F10-48DC-8BE4-EC2F64731563}.Release|x86.ActiveCfg = Release|Any CPU
		{A1CE7EA6-4F10-48DC-8BE4-EC2F64731563}.Release|x86.Build.0 = Release|Any CPU
		{93767395-EADD-4A3B-A0A8-4DEACCEF7AA3}.Debug|Any CPU.ActiveCfg = Debug|Any CPU
		{93767395-EADD-4A3B-A0A8-4DEACCEF7AA3}.Debug|Any CPU.Build.0 = Debug|Any CPU
		{93767395-EADD-4A3B-A0A8-4DEACCEF7AA3}.Debug|x64.ActiveCfg = Debug|Any CPU
		{93767395-EADD-4A3B-A0A8-4DEACCEF7AA3}.Debug|x64.Build.0 = Debug|Any CPU
		{93767395-EADD-4A3B-A0A8-4DEACCEF7AA3}.Debug|x86.ActiveCfg = Debug|Any CPU
		{93767395-EADD-4A3B-A0A8-4DEACCEF7AA3}.Debug|x86.Build.0 = Debug|Any CPU
		{93767395-EADD-4A3B-A0A8-4DEACCEF7AA3}.Release|Any CPU.ActiveCfg = Release|Any CPU
		{93767395-EADD-4A3B-A0A8-4DEACCEF7AA3}.Release|Any CPU.Build.0 = Release|Any CPU
		{93767395-EADD-4A3B-A0A8-4DEACCEF7AA3}.Release|x64.ActiveCfg = Release|Any CPU
		{93767395-EADD-4A3B-A0A8-4DEACCEF7AA3}.Release|x64.Build.0 = Release|Any CPU
		{93767395-EADD-4A3B-A0A8-4DEACCEF7AA3}.Release|x86.ActiveCfg = Release|Any CPU
		{93767395-EADD-4A3B-A0A8-4DEACCEF7AA3}.Release|x86.Build.0 = Release|Any CPU
	EndGlobalSection
	GlobalSection(NestedProjects) = preSolution
		{BA9A85DB-0FC1-456B-8D19-09E35F04D190} = {3656889B-BB57-408B-B98C-5702E79F1EDF}
		{493A3B9F-7587-42A4-BC5C-3B7C32322D11} = {1620E356-4D47-4D3E-8BED-E25397CEFA82}
		{A1CE7EA6-4F10-48DC-8BE4-EC2F64731563} = {1620E356-4D47-4D3E-8BED-E25397CEFA82}
		{93767395-EADD-4A3B-A0A8-4DEACCEF7AA3} = {1620E356-4D47-4D3E-8BED-E25397CEFA82}
	EndGlobalSection
EndGlobal
